
Microsoft Visual Studio Solution File, Format Version 12.00
# Visual Studio Version 16
VisualStudioVersion = 16.0.31702.278
MinimumVisualStudioVersion = 10.0.40219.1
Project("{FAE04EC0-301F-11D3-BF4B-00C04F79EFBC}") = "ServerTresEnRaya", "ServerTresEnRaya.csproj", "{E53728B0-BDA1-4965-8FDC-14DFE37C9156}"
EndProject
Project("{FAE04EC0-301F-11D3-BF4B-00C04F79EFBC}") = "ClienteTresEnRaya", "..\ClienteTresEnRaya\ClienteTresEnRaya.csproj", "{7F6C167F-89FF-4EBB-957F-B2B5E154166E}"
EndProject
Global
	GlobalSection(SolutionConfigurationPlatforms) = preSolution
		Debug|Any CPU = Debug|Any CPU
		Release|Any CPU = Release|Any CPU
	EndGlobalSection
	GlobalSection(ProjectConfigurationPlatforms) = postSolution
		{E53728B0-BDA1-4965-8FDC-14DFE37C9156}.Debug|Any CPU.ActiveCfg = Debug|Any CPU
		{E53728B0-BDA1-4965-8FDC-14DFE37C9156}.Debug|Any CPU.Build.0 = Debug|Any CPU
		{E53728B0-BDA1-4965-8FDC-14DFE37C9156}.Release|Any CPU.ActiveCfg = Release|Any CPU
		{E53728B0-BDA1-4965-8FDC-14DFE37C9156}.Release|Any CPU.Build.0 = Release|Any CPU
		{7F6C167F-89FF-4EBB-957F-B2B5E154166E}.Debug|Any CPU.ActiveCfg = Debug|Any CPU
		{7F6C167F-89FF-4EBB-957F-B2B5E154166E}.Debug|Any CPU.Build.0 = Debug|Any CPU
		{7F6C167F-89FF-4EBB-957F-B2B5E154166E}.Release|Any CPU.ActiveCfg = Release|Any CPU
		{7F6C167F-89FF-4EBB-957F-B2B5E154166E}.Release|Any CPU.Build.0 = Release|Any CPU
	EndGlobalSection
	GlobalSection(SolutionProperties) = preSolution
		HideSolutionNode = FALSE
	EndGlobalSection
	GlobalSection(ExtensibilityGlobals) = postSolution
		SolutionGuid = {08878118-8EFF-4616-AD1D-E0BA92D0B42A}
	EndGlobalSection
EndGlobal
